
Microsoft Visual Studio Solution File, Format Version 12.00
# Visual Studio Version 17
VisualStudioVersion = 17.2.32526.322
MinimumVisualStudioVersion = 10.0.40219.1
Project("{9A19103F-16F7-4668-BE54-9A1E7A4F7556}") = "Api.Core", "Api.Core\Api.Core.csproj", "{30DAC92E-156E-4CBB-B08E-D6DA32ACBE91}"
EndProject
Project("{9A19103F-16F7-4668-BE54-9A1E7A4F7556}") = "Angular.UI", "Angular.UI\Angular.UI.csproj", "{A285FDEE-1237-465C-B5A9-FD300F876605}"
EndProject
Project("{FAE04EC0-301F-11D3-BF4B-00C04F79EFBC}") = "Email.Api", "Email.Api\Email.Api.csproj", "{8E609C20-53F0-48AC-87E4-184380276D56}"
EndProject
Global
	GlobalSection(SolutionConfigurationPlatforms) = preSolution
		Debug|Any CPU = Debug|Any CPU
		Release|Any CPU = Release|Any CPU
	EndGlobalSection
	GlobalSection(ProjectConfigurationPlatforms) = postSolution
		{30DAC92E-156E-4CBB-B08E-D6DA32ACBE91}.Debug|Any CPU.ActiveCfg = Debug|Any CPU
		{30DAC92E-156E-4CBB-B08E-D6DA32ACBE91}.Debug|Any CPU.Build.0 = Debug|Any CPU
		{30DAC92E-156E-4CBB-B08E-D6DA32ACBE91}.Release|Any CPU.ActiveCfg = Release|Any CPU
		{30DAC92E-156E-4CBB-B08E-D6DA32ACBE91}.Release|Any CPU.Build.0 = Release|Any CPU
		{A285FDEE-1237-465C-B5A9-FD300F876605}.Debug|Any CPU.ActiveCfg = Debug|Any CPU
		{A285FDEE-1237-465C-B5A9-FD300F876605}.Debug|Any CPU.Build.0 = Debug|Any CPU
		{A285FDEE-1237-465C-B5A9-FD300F876605}.Release|Any CPU.ActiveCfg = Release|Any CPU
		{A285FDEE-1237-465C-B5A9-FD300F876605}.Release|Any CPU.Build.0 = Release|Any CPU
		{8E609C20-53F0-48AC-87E4-184380276D56}.Debug|Any CPU.ActiveCfg = Debug|Any CPU
		{8E609C20-53F0-48AC-87E4-184380276D56}.Debug|Any CPU.Build.0 = Debug|Any CPU
		{8E609C20-53F0-48AC-87E4-184380276D56}.Release|Any CPU.ActiveCfg = Release|Any CPU
		{8E609C20-53F0-48AC-87E4-184380276D56}.Release|Any CPU.Build.0 = Release|Any CPU
	EndGlobalSection
	GlobalSection(SolutionProperties) = preSolution
		HideSolutionNode = FALSE
	EndGlobalSection
	GlobalSection(ExtensibilityGlobals) = postSolution
		SolutionGuid = {21B37A81-94E8-403A-81E3-6FB382F7491C}
	EndGlobalSection
EndGlobal
